
Microsoft Visual Studio Solution File, Format Version 12.00
# Visual Studio Version 17
VisualStudioVersion = 17.5.33516.290
MinimumVisualStudioVersion = 10.0.40219.1
Project("{FAE04EC0-301F-11D3-BF4B-00C04F79EFBC}") = "day7", "day7.csproj", "{5ECCE2BD-CB03-42D3-BAC0-15C72D222D2F}"
EndProject
Global
	GlobalSection(SolutionConfigurationPlatforms) = preSolution
		Debug|Any CPU = Debug|Any CPU
		Release|Any CPU = Release|Any CPU
	EndGlobalSection
	GlobalSection(ProjectConfigurationPlatforms) = postSolution
		{5ECCE2BD-CB03-42D3-BAC0-15C72D222D2F}.Debug|Any CPU.ActiveCfg = Debug|Any CPU
		{5ECCE2BD-CB03-42D3-BAC0-15C72D222D2F}.Debug|Any CPU.Build.0 = Debug|Any CPU
		{5ECCE2BD-CB03-42D3-BAC0-15C72D222D2F}.Release|Any CPU.ActiveCfg = Release|Any CPU
		{5ECCE2BD-CB03-42D3-BAC0-15C72D222D2F}.Release|Any CPU.Build.0 = Release|Any CPU
	EndGlobalSection
	GlobalSection(SolutionProperties) = preSolution
		HideSolutionNode = FALSE
	EndGlobalSection
	GlobalSection(ExtensibilityGlobals) = postSolution
		SolutionGuid = {630CFEBC-4AA1-4F53-B9F4-6C7CC114CA97}
	EndGlobalSection
EndGlobal
